
Microsoft Visual Studio Solution File, Format Version 12.00
# Visual Studio 15
VisualStudioVersion = 15.0.26124.0
MinimumVisualStudioVersion = 15.0.26124.0
Project("{FAE04EC0-301F-11D3-BF4B-00C04F79EFBC}") = "ReplacementLibrary", "ReplacementLibrary\ReplacementLibrary.csproj", "{CA866AA6-D84D-47B1-BD37-853528E31DAD}"
EndProject
Project("{FAE04EC0-301F-11D3-BF4B-00C04F79EFBC}") = "ReplacementLibrary.Test", "ReplacementLibrary.Test\ReplacementLibrary.Test.csproj", "{ED119402-B819-4BEC-85A1-C8FDC63E4973}"
EndProject
Global
	GlobalSection(SolutionConfigurationPlatforms) = preSolution
		Debug|Any CPU = Debug|Any CPU
		Debug|x64 = Debug|x64
		Debug|x86 = Debug|x86
		Release|Any CPU = Release|Any CPU
		Release|x64 = Release|x64
		Release|x86 = Release|x86
	EndGlobalSection
	GlobalSection(SolutionProperties) = preSolution
		HideSolutionNode = FALSE
	EndGlobalSection
	GlobalSection(ProjectConfigurationPlatforms) = postSolution
		{CA866AA6-D84D-47B1-BD37-853528E31DAD}.Debug|Any CPU.ActiveCfg = Debug|Any CPU
		{CA866AA6-D84D-47B1-BD37-853528E31DAD}.Debug|Any CPU.Build.0 = Debug|Any CPU
		{CA866AA6-D84D-47B1-BD37-853528E31DAD}.Debug|x64.ActiveCfg = Debug|Any CPU
		{CA866AA6-D84D-47B1-BD37-853528E31DAD}.Debug|x64.Build.0 = Debug|Any CPU
		{CA866AA6-D84D-47B1-BD37-853528E31DAD}.Debug|x86.ActiveCfg = Debug|Any CPU
		{CA866AA6-D84D-47B1-BD37-853528E31DAD}.Debug|x86.Build.0 = Debug|Any CPU
		{CA866AA6-D84D-47B1-BD37-853528E31DAD}.Release|Any CPU.ActiveCfg = Release|Any CPU
		{CA866AA6-D84D-47B1-BD37-853528E31DAD}.Release|Any CPU.Build.0 = Release|Any CPU
		{CA866AA6-D84D-47B1-BD37-853528E31DAD}.Release|x64.ActiveCfg = Release|Any CPU
		{CA866AA6-D84D-47B1-BD37-853528E31DAD}.Release|x64.Build.0 = Release|Any CPU
		{CA866AA6-D84D-47B1-BD37-853528E31DAD}.Release|x86.ActiveCfg = Release|Any CPU
		{CA866AA6-D84D-47B1-BD37-853528E31DAD}.Release|x86.Build.0 = Release|Any CPU
		{ED119402-B819-4BEC-85A1-C8FDC63E4973}.Debug|Any CPU.ActiveCfg = Debug|Any CPU
		{ED119402-B819-4BEC-85A1-C8FDC63E4973}.Debug|Any CPU.Build.0 = Debug|Any CPU
		{ED119402-B819-4BEC-85A1-C8FDC63E4973}.Debug|x64.ActiveCfg = Debug|Any CPU
		{ED119402-B819-4BEC-85A1-C8FDC63E4973}.Debug|x64.Build.0 = Debug|Any CPU
		{ED119402-B819-4BEC-85A1-C8FDC63E4973}.Debug|x86.ActiveCfg = Debug|Any CPU
		{ED119402-B819-4BEC-85A1-C8FDC63E4973}.Debug|x86.Build.0 = Debug|Any CPU
		{ED119402-B819-4BEC-85A1-C8FDC63E4973}.Release|Any CPU.ActiveCfg = Release|Any CPU
		{ED119402-B819-4BEC-85A1-C8FDC63E4973}.Release|Any CPU.Build.0 = Release|Any CPU
		{ED119402-B819-4BEC-85A1-C8FDC63E4973}.Release|x64.ActiveCfg = Release|Any CPU
		{ED119402-B819-4BEC-85A1-C8FDC63E4973}.Release|x64.Build.0 = Release|Any CPU
		{ED119402-B819-4BEC-85A1-C8FDC63E4973}.Release|x86.ActiveCfg = Release|Any CPU
		{ED119402-B819-4BEC-85A1-C8FDC63E4973}.Release|x86.Build.0 = Release|Any CPU
	EndGlobalSection
EndGlobal
